
Microsoft Visual Studio Solution File, Format Version 12.00
# Visual Studio Version 17
VisualStudioVersion = 17.13.35913.81 d17.13
MinimumVisualStudioVersion = 10.0.40219.1
Project("{FAE04EC0-301F-11D3-BF4B-00C04F79EFBC}") = "hotel", "hotel.csproj", "{9AB8544A-47AC-425D-9DD9-AD87BD30546C}"
EndProject
Global
	GlobalSection(SolutionConfigurationPlatforms) = preSolution
		Debug|Any CPU = Debug|Any CPU
		Release|Any CPU = Release|Any CPU
	EndGlobalSection
	GlobalSection(ProjectConfigurationPlatforms) = postSolution
		{9AB8544A-47AC-425D-9DD9-AD87BD30546C}.Debug|Any CPU.ActiveCfg = Debug|Any CPU
		{9AB8544A-47AC-425D-9DD9-AD87BD30546C}.Debug|Any CPU.Build.0 = Debug|Any CPU
		{9AB8544A-47AC-425D-9DD9-AD87BD30546C}.Release|Any CPU.ActiveCfg = Release|Any CPU
		{9AB8544A-47AC-425D-9DD9-AD87BD30546C}.Release|Any CPU.Build.0 = Release|Any CPU
	EndGlobalSection
	GlobalSection(SolutionProperties) = preSolution
		HideSolutionNode = FALSE
	EndGlobalSection
	GlobalSection(ExtensibilityGlobals) = postSolution
		SolutionGuid = {5C13FE8B-B87D-4BC6-88D5-A909F8CD12A0}
	EndGlobalSection
EndGlobal
